
Microsoft Visual Studio Solution File, Format Version 12.00
# Visual Studio Version 17
VisualStudioVersion = 17.8.34511.84
MinimumVisualStudioVersion = 10.0.40219.1
Project("{FAE04EC0-301F-11D3-BF4B-00C04F79EFBC}") = "HotelBooking", "HotelBooking.csproj", "{DA34C4A9-11C5-4CAC-BBE3-E39F944F16F8}"
EndProject
Global
	GlobalSection(SolutionConfigurationPlatforms) = preSolution
		Debug|Any CPU = Debug|Any CPU
		Release|Any CPU = Release|Any CPU
	EndGlobalSection
	GlobalSection(ProjectConfigurationPlatforms) = postSolution
		{DA34C4A9-11C5-4CAC-BBE3-E39F944F16F8}.Debug|Any CPU.ActiveCfg = Debug|Any CPU
		{DA34C4A9-11C5-4CAC-BBE3-E39F944F16F8}.Debug|Any CPU.Build.0 = Debug|Any CPU
		{DA34C4A9-11C5-4CAC-BBE3-E39F944F16F8}.Release|Any CPU.ActiveCfg = Release|Any CPU
		{DA34C4A9-11C5-4CAC-BBE3-E39F944F16F8}.Release|Any CPU.Build.0 = Release|Any CPU
	EndGlobalSection
	GlobalSection(SolutionProperties) = preSolution
		HideSolutionNode = FALSE
	EndGlobalSection
	GlobalSection(ExtensibilityGlobals) = postSolution
		SolutionGuid = {F9574681-4381-4BD1-8136-55B1C43BD74D}
	EndGlobalSection
EndGlobal
